
Microsoft Visual Studio Solution File, Format Version 12.00
# Visual Studio 15
VisualStudioVersion = 15.0.27130.2024
MinimumVisualStudioVersion = 10.0.40219.1
Project("{FAE04EC0-301F-11D3-BF4B-00C04F79EFBC}") = "ryan.madden.internet", "ryan.madden.internet\ryan.madden.internet.csproj", "{B211A9FE-6F38-4655-845F-FFAF9C887C25}"
EndProject
Global
	GlobalSection(SolutionConfigurationPlatforms) = preSolution
		Debug|Any CPU = Debug|Any CPU
		Release|Any CPU = Release|Any CPU
	EndGlobalSection
	GlobalSection(ProjectConfigurationPlatforms) = postSolution
		{B211A9FE-6F38-4655-845F-FFAF9C887C25}.Debug|Any CPU.ActiveCfg = Debug|Any CPU
		{B211A9FE-6F38-4655-845F-FFAF9C887C25}.Debug|Any CPU.Build.0 = Debug|Any CPU
		{B211A9FE-6F38-4655-845F-FFAF9C887C25}.Release|Any CPU.ActiveCfg = Release|Any CPU
		{B211A9FE-6F38-4655-845F-FFAF9C887C25}.Release|Any CPU.Build.0 = Release|Any CPU
	EndGlobalSection
	GlobalSection(SolutionProperties) = preSolution
		HideSolutionNode = FALSE
	EndGlobalSection
	GlobalSection(ExtensibilityGlobals) = postSolution
		SolutionGuid = {BE9A9D7C-FEEB-491F-8B11-E460177CD979}
	EndGlobalSection
EndGlobal
