
Microsoft Visual Studio Solution File, Format Version 12.00
# Visual Studio 15
VisualStudioVersion = 15.0.27130.2024
MinimumVisualStudioVersion = 10.0.40219.1
Project("{FAE04EC0-301F-11D3-BF4B-00C04F79EFBC}") = "worldWideWeb", "worldWideWeb\worldWideWeb.csproj", "{16E78255-904F-46FA-A55F-02C825C67A25}"
EndProject
Global
	GlobalSection(SolutionConfigurationPlatforms) = preSolution
		Debug|Any CPU = Debug|Any CPU
		Release|Any CPU = Release|Any CPU
	EndGlobalSection
	GlobalSection(ProjectConfigurationPlatforms) = postSolution
		{16E78255-904F-46FA-A55F-02C825C67A25}.Debug|Any CPU.ActiveCfg = Debug|Any CPU
		{16E78255-904F-46FA-A55F-02C825C67A25}.Debug|Any CPU.Build.0 = Debug|Any CPU
		{16E78255-904F-46FA-A55F-02C825C67A25}.Release|Any CPU.ActiveCfg = Release|Any CPU
		{16E78255-904F-46FA-A55F-02C825C67A25}.Release|Any CPU.Build.0 = Release|Any CPU
	EndGlobalSection
	GlobalSection(SolutionProperties) = preSolution
		HideSolutionNode = FALSE
	EndGlobalSection
	GlobalSection(ExtensibilityGlobals) = postSolution
		SolutionGuid = {90F3DE95-2415-4C54-AE9F-AAF852AE89E3}
	EndGlobalSection
EndGlobal
